# THIS IS AN AUTOGENERATED FILE. DO NOT EDIT THIS FILE DIRECTLY.
# yarn lockfile v1


"@types/node@^18.15.11":
  version "18.15.11"
  resolved "https://registry.npmjs.org/@types/node/-/node-18.15.11.tgz#b3b790f09cb1696cffcec605de025b088fa4225f"
  integrity sha512-E5Kwq2n4SbMzQOn6wnmBjuK9ouqlURrcZDVfbo9ftDDTFt3nk7ZKK4GMOzoYgnpQJKcxwQw+lGaBvvlMo0qN/Q==

ccxt@^3.0.46:
  version "3.0.46"
  resolved "https://registry.npmjs.org/ccxt/-/ccxt-3.0.46.tgz#87bfa52d8932a21cafe11c9a6c7961d9c000456b"
  integrity sha512-VUK8Hu+LxcUGpWDLmTWAXP5d1ytbyvkotzgMAhIpx1nJur7ee2Fpv7SUwIZLosilCf4yH8P0TvT70b+P4vyfnA==
  dependencies:
    ws "^8.8.1"

typescript@^5.0.3:
  version "5.0.3"
  resolved "https://registry.npmjs.org/typescript/-/typescript-5.0.3.tgz#fe976f0c826a88d0a382007681cbb2da44afdedf"
  integrity sha512-xv8mOEDnigb/tN9PSMTwSEqAnUvkoXMQlicOb0IUVDBSQCgBSaAAROUZYy2IcUy5qU6XajK5jjjO7TMWqBTKZA==

ws@^8.8.1:
  version "8.13.0"
  resolved "https://registry.npmjs.org/ws/-/ws-8.13.0.tgz#9a9fb92f93cf41512a0735c8f4dd09b8a1211cd0"
  integrity sha512-x9vcZYTrFPC7aSIbj7sRCYo7L/Xb8Iy+pW0ng0wt2vCJv7M9HOMy0UoN3rr+IFC7hb7vXoqS+P9ktyLLLhO+LA==
